
Microsoft Visual Studio Solution File, Format Version 12.00
# Visual Studio 2013
VisualStudioVersion = 12.0.31101.0
MinimumVisualStudioVersion = 10.0.40219.1
Project("{9092AA53-FB77-4645-B42D-1CCCA6BD08BD}") = "carbonchat", "carbonchat.njsproj", "{029E7600-A9B7-447A-90A6-0070D65144BE}"
EndProject
Project("{FAE04EC0-301F-11D3-BF4B-00C04F79EFBC}") = "carbonchatweb", "..\carbonchatweb\carbonchatweb.csproj", "{B305D094-4606-46CA-8B94-9F35CBF1D28C}"
EndProject
Global
	GlobalSection(SolutionConfigurationPlatforms) = preSolution
		Debug|Any CPU = Debug|Any CPU
		Release|Any CPU = Release|Any CPU
	EndGlobalSection
	GlobalSection(ProjectConfigurationPlatforms) = postSolution
		{029E7600-A9B7-447A-90A6-0070D65144BE}.Debug|Any CPU.ActiveCfg = Debug|Any CPU
		{029E7600-A9B7-447A-90A6-0070D65144BE}.Debug|Any CPU.Build.0 = Debug|Any CPU
		{029E7600-A9B7-447A-90A6-0070D65144BE}.Release|Any CPU.ActiveCfg = Release|Any CPU
		{029E7600-A9B7-447A-90A6-0070D65144BE}.Release|Any CPU.Build.0 = Release|Any CPU
		{B305D094-4606-46CA-8B94-9F35CBF1D28C}.Debug|Any CPU.ActiveCfg = Debug|Any CPU
		{B305D094-4606-46CA-8B94-9F35CBF1D28C}.Debug|Any CPU.Build.0 = Debug|Any CPU
		{B305D094-4606-46CA-8B94-9F35CBF1D28C}.Release|Any CPU.ActiveCfg = Release|Any CPU
		{B305D094-4606-46CA-8B94-9F35CBF1D28C}.Release|Any CPU.Build.0 = Release|Any CPU
	EndGlobalSection
	GlobalSection(SolutionProperties) = preSolution
		HideSolutionNode = FALSE
	EndGlobalSection
EndGlobal
